
Microsoft Visual Studio Solution File, Format Version 12.00
# Visual Studio Version 17
VisualStudioVersion = 17.8.34330.188
MinimumVisualStudioVersion = 10.0.40219.1
Project("{FAE04EC0-301F-11D3-BF4B-00C04F79EFBC}") = "WpfMetro", "WpfMetro.csproj", "{6251E00A-B95E-4D50-AF40-CDF45B0E29B4}"
EndProject
Global
	GlobalSection(SolutionConfigurationPlatforms) = preSolution
		Debug|Any CPU = Debug|Any CPU
		Release|Any CPU = Release|Any CPU
	EndGlobalSection
	GlobalSection(ProjectConfigurationPlatforms) = postSolution
		{6251E00A-B95E-4D50-AF40-CDF45B0E29B4}.Debug|Any CPU.ActiveCfg = Debug|Any CPU
		{6251E00A-B95E-4D50-AF40-CDF45B0E29B4}.Debug|Any CPU.Build.0 = Debug|Any CPU
		{6251E00A-B95E-4D50-AF40-CDF45B0E29B4}.Release|Any CPU.ActiveCfg = Release|Any CPU
		{6251E00A-B95E-4D50-AF40-CDF45B0E29B4}.Release|Any CPU.Build.0 = Release|Any CPU
	EndGlobalSection
	GlobalSection(SolutionProperties) = preSolution
		HideSolutionNode = FALSE
	EndGlobalSection
	GlobalSection(ExtensibilityGlobals) = postSolution
		SolutionGuid = {59CA7279-23E7-424D-B8E3-8A7B706D2E58}
	EndGlobalSection
EndGlobal
